
Microsoft Visual Studio Solution File, Format Version 12.00
# Visual Studio Version 16
VisualStudioVersion = 16.0.31005.135
MinimumVisualStudioVersion = 10.0.40219.1
Project("{FAE04EC0-301F-11D3-BF4B-00C04F79EFBC}") = "Dmp Decoder", "Dmp Decoder\Dmp Decoder.csproj", "{75C534F1-A642-41A9-93D1-735EB4941A36}"
EndProject
Global
	GlobalSection(SolutionConfigurationPlatforms) = preSolution
		Debug|Any CPU = Debug|Any CPU
		Release|Any CPU = Release|Any CPU
	EndGlobalSection
	GlobalSection(ProjectConfigurationPlatforms) = postSolution
		{75C534F1-A642-41A9-93D1-735EB4941A36}.Debug|Any CPU.ActiveCfg = Debug|Any CPU
		{75C534F1-A642-41A9-93D1-735EB4941A36}.Debug|Any CPU.Build.0 = Debug|Any CPU
		{75C534F1-A642-41A9-93D1-735EB4941A36}.Release|Any CPU.ActiveCfg = Release|Any CPU
		{75C534F1-A642-41A9-93D1-735EB4941A36}.Release|Any CPU.Build.0 = Release|Any CPU
	EndGlobalSection
	GlobalSection(SolutionProperties) = preSolution
		HideSolutionNode = FALSE
	EndGlobalSection
	GlobalSection(ExtensibilityGlobals) = postSolution
		SolutionGuid = {ACBECF79-5011-4443-B232-BF8C93906DAA}
	EndGlobalSection
EndGlobal
